
Microsoft Visual Studio Solution File, Format Version 12.00
# Visual Studio Version 17
VisualStudioVersion = 17.14.36414.22
MinimumVisualStudioVersion = 10.0.40219.1
Project("{FAE04EC0-301F-11D3-BF4B-00C04F79EFBC}") = "a-private-bank-main", "a-private-bank-main\a-private-bank-main.csproj", "{3C43D94E-69BD-4D70-8931-1C578829BD99}"
EndProject
Project("{FAE04EC0-301F-11D3-BF4B-00C04F79EFBC}") = "a-private-bank-api", "a-private-bank-api\a-private-bank-api.csproj", "{28F2A7AB-78D0-4721-8DFF-C71E123DEA34}"
EndProject
Global
	GlobalSection(SolutionConfigurationPlatforms) = preSolution
		Debug|Any CPU = Debug|Any CPU
		Release|Any CPU = Release|Any CPU
	EndGlobalSection
	GlobalSection(ProjectConfigurationPlatforms) = postSolution
		{3C43D94E-69BD-4D70-8931-1C578829BD99}.Debug|Any CPU.ActiveCfg = Debug|Any CPU
		{3C43D94E-69BD-4D70-8931-1C578829BD99}.Debug|Any CPU.Build.0 = Debug|Any CPU
		{3C43D94E-69BD-4D70-8931-1C578829BD99}.Release|Any CPU.ActiveCfg = Release|Any CPU
		{3C43D94E-69BD-4D70-8931-1C578829BD99}.Release|Any CPU.Build.0 = Release|Any CPU
		{28F2A7AB-78D0-4721-8DFF-C71E123DEA34}.Debug|Any CPU.ActiveCfg = Debug|Any CPU
		{28F2A7AB-78D0-4721-8DFF-C71E123DEA34}.Debug|Any CPU.Build.0 = Debug|Any CPU
		{28F2A7AB-78D0-4721-8DFF-C71E123DEA34}.Release|Any CPU.ActiveCfg = Release|Any CPU
		{28F2A7AB-78D0-4721-8DFF-C71E123DEA34}.Release|Any CPU.Build.0 = Release|Any CPU
	EndGlobalSection
	GlobalSection(SolutionProperties) = preSolution
		HideSolutionNode = FALSE
	EndGlobalSection
	GlobalSection(ExtensibilityGlobals) = postSolution
		SolutionGuid = {A25FD7C8-2CC9-48D4-9C7B-800EA30FB7F6}
	EndGlobalSection
EndGlobal
